
Microsoft Visual Studio Solution File, Format Version 12.00
# Visual Studio Version 17
VisualStudioVersion = 17.4.33213.308
MinimumVisualStudioVersion = 10.0.40219.1
Project("{2150E333-8FDC-42A3-9474-1A3956D46DE8}") = "src", "src", "{972B0CE7-9286-4694-A485-2FD8751DDA77}"
EndProject
Project("{2150E333-8FDC-42A3-9474-1A3956D46DE8}") = "tests", "tests", "{C182A3ED-8D97-42A5-864A-2D9775943468}"
EndProject
Project("{FAE04EC0-301F-11D3-BF4B-00C04F79EFBC}") = "Domain", "Domain\Domain.csproj", "{8362D084-E533-4AB6-8742-B937CB7AA5B1}"
EndProject
Project("{FAE04EC0-301F-11D3-BF4B-00C04F79EFBC}") = "Infrastructure", "Infrastructure\Infrastructure.csproj", "{85C35161-8588-40C6-8D09-A7AB8AB6A5D2}"
EndProject
Project("{FAE04EC0-301F-11D3-BF4B-00C04F79EFBC}") = "Observability", "Observability\Observability.csproj", "{5C96258E-1B5E-4058-AECE-5195B1A721E8}"
EndProject
Project("{FAE04EC0-301F-11D3-BF4B-00C04F79EFBC}") = "Application", "Application\Application.csproj", "{65FE984C-C297-4728-9049-C55A16B4437F}"
EndProject
Global
	GlobalSection(SolutionConfigurationPlatforms) = preSolution
		Debug|Any CPU = Debug|Any CPU
		Release|Any CPU = Release|Any CPU
	EndGlobalSection
	GlobalSection(ProjectConfigurationPlatforms) = postSolution
		{8362D084-E533-4AB6-8742-B937CB7AA5B1}.Debug|Any CPU.ActiveCfg = Debug|Any CPU
		{8362D084-E533-4AB6-8742-B937CB7AA5B1}.Debug|Any CPU.Build.0 = Debug|Any CPU
		{8362D084-E533-4AB6-8742-B937CB7AA5B1}.Release|Any CPU.ActiveCfg = Release|Any CPU
		{8362D084-E533-4AB6-8742-B937CB7AA5B1}.Release|Any CPU.Build.0 = Release|Any CPU
		{85C35161-8588-40C6-8D09-A7AB8AB6A5D2}.Debug|Any CPU.ActiveCfg = Debug|Any CPU
		{85C35161-8588-40C6-8D09-A7AB8AB6A5D2}.Debug|Any CPU.Build.0 = Debug|Any CPU
		{85C35161-8588-40C6-8D09-A7AB8AB6A5D2}.Release|Any CPU.ActiveCfg = Release|Any CPU
		{85C35161-8588-40C6-8D09-A7AB8AB6A5D2}.Release|Any CPU.Build.0 = Release|Any CPU
		{5C96258E-1B5E-4058-AECE-5195B1A721E8}.Debug|Any CPU.ActiveCfg = Debug|Any CPU
		{5C96258E-1B5E-4058-AECE-5195B1A721E8}.Debug|Any CPU.Build.0 = Debug|Any CPU
		{5C96258E-1B5E-4058-AECE-5195B1A721E8}.Release|Any CPU.ActiveCfg = Release|Any CPU
		{5C96258E-1B5E-4058-AECE-5195B1A721E8}.Release|Any CPU.Build.0 = Release|Any CPU
		{65FE984C-C297-4728-9049-C55A16B4437F}.Debug|Any CPU.ActiveCfg = Debug|Any CPU
		{65FE984C-C297-4728-9049-C55A16B4437F}.Debug|Any CPU.Build.0 = Debug|Any CPU
		{65FE984C-C297-4728-9049-C55A16B4437F}.Release|Any CPU.ActiveCfg = Release|Any CPU
		{65FE984C-C297-4728-9049-C55A16B4437F}.Release|Any CPU.Build.0 = Release|Any CPU
	EndGlobalSection
	GlobalSection(SolutionProperties) = preSolution
		HideSolutionNode = FALSE
	EndGlobalSection
	GlobalSection(NestedProjects) = preSolution
		{8362D084-E533-4AB6-8742-B937CB7AA5B1} = {972B0CE7-9286-4694-A485-2FD8751DDA77}
		{85C35161-8588-40C6-8D09-A7AB8AB6A5D2} = {972B0CE7-9286-4694-A485-2FD8751DDA77}
		{5C96258E-1B5E-4058-AECE-5195B1A721E8} = {972B0CE7-9286-4694-A485-2FD8751DDA77}
		{65FE984C-C297-4728-9049-C55A16B4437F} = {972B0CE7-9286-4694-A485-2FD8751DDA77}
	EndGlobalSection
	GlobalSection(ExtensibilityGlobals) = postSolution
		SolutionGuid = {769D8945-83CC-4E2A-99F6-CEB71339C751}
	EndGlobalSection
EndGlobal
